# This file was autogenerated by Stack.
# You should not edit this file by hand.
# For more information, please see the documentation at:
#   https://docs.haskellstack.org/en/stable/lock_files

packages:
- completed:
    cabal-file:
      size: 5363
      sha256: f6af18b9538cad9e0a00ca000db540536cc1f0d7b459c16366f04c3c035c30a8
    name: hedis
    version: 0.12.8
    git: https://github.com/juspay/hedis.git
    pantry-tree:
      size: 2571
      sha256: 26be8561de07049a22a771597e3b141f4e46664321e5c13ad234467bc64b9d20
    commit: ce6de8f158e87414cf11bcba4e95d54a9c3185f3
  original:
    git: https://github.com/juspay/hedis.git
    commit: ce6de8f158e87414cf11bcba4e95d54a9c3185f3
- completed:
    subdir: lib/euler-hs
    cabal-file:
      size: 8122
      sha256: 4ef0f9f9d7ade6c636f0180a9ac596e8b7870f1bbf7b7ec550b7c5f03a61c365
    name: euler-hs
    version: 1.8.0.0
    git: git@bitbucket.org:juspay/euler-hs.git
    pantry-tree:
      size: 5328
      sha256: 2bece2683960cae69b8775b84277e1b3b7aacaba9bfae1303f2a07947228763f
    commit: 2a35521b7de06ec85dfaf974be19a24c1728bd0c
  original:
    subdir: lib/euler-hs
    git: git@bitbucket.org:juspay/euler-hs.git
    commit: 2a35521b7de06ec85dfaf974be19a24c1728bd0c
- completed:
    cabal-file:
      size: 2282
      sha256: 6c64358de5094463a70e8c71dbc99a38ae937d04a44cee9858e8a0779bb7b8dd
    name: beam-mysql
    version: 0.2.0.0
    git: https://github.com/graninas/beam-mysql
    pantry-tree:
      size: 542
      sha256: d0dbbd5dc6c3c48e0d02f559112dc1fe3222acf61e4df1619cb278bda6a0cbd3
    commit: e5a667fe6396441c7dcf1c7755c69345f00d0eee
  original:
    git: https://github.com/graninas/beam-mysql
    commit: e5a667fe6396441c7dcf1c7755c69345f00d0eee
- completed:
    hackage: crc16-0.1.0@sha256:da3e4b82e437a054159ecc497372c997f784d77babcee641a5f657f6a0a8eb80,624
    pantry-tree:
      size: 257
      sha256: 2e913535bbaf1061779982787d54c7a8fa37f34ad680bb13aa76e0aa32040112
  original:
    hackage: crc16-0.1.0@sha256:da3e4b82e437a054159ecc497372c997f784d77babcee641a5f657f6a0a8eb80,624
snapshots:
- completed:
    size: 524804
    url: https://raw.githubusercontent.com/commercialhaskell/stackage-snapshots/master/lts/14/16.yaml
    sha256: 4d1519a4372d051d47a5eae2241cf3fb54e113d7475f89707ddb6ec06add2888
  original: lts-14.16
