# This file was autogenerated by Stack.
# You should not edit this file by hand.
# For more information, please see the documentation at:
#   https://docs.haskellstack.org/en/stable/lock_files

packages:
- completed:
    cabal-file:
      size: 5329
      sha256: f48f3574d2453272743a610a5a2e8a1b4b707955543de4e3a1e36901cee67ae3
    name: hedis
    version: 0.12.8.1
    git: https://github.com/juspay/hedis.git
    pantry-tree:
      size: 2570
      sha256: 11c0fb0068a34b685bbd0b5d8daa90bf7dbaaae84a6094fd04d9c6697bb1952e
    commit: 4ea54f16c0057acc99a9f0e9b63ea51ea4bf420e
  original:
    git: https://github.com/juspay/hedis.git
    commit: 4ea54f16c0057acc99a9f0e9b63ea51ea4bf420e
- completed:
    cabal-file:
      size: 5208
      sha256: baae61a0a1bf1743dec2af76fb3d0ee8fbb5c33593129cde7ed4a483216642e4
    name: euler-hs
    version: 1.9.5.1
    git: git@bitbucket.org:juspay/euler-hs.git
    pantry-tree:
      size: 7424
      sha256: 8483426ddf09a985376ecace86d049c3168a2e63c1526705a6710661e897d4a3
    commit: 4d852dbd7fd17bbc0b683d6e79218051e68b66ea
  original:
    git: git@bitbucket.org:juspay/euler-hs.git
    commit: 4d852dbd7fd17bbc0b683d6e79218051e68b66ea
- completed:
    cabal-file:
      size: 2283
      sha256: f6c5b46a1e0b43787ac42546fd7a6a9ca71f2b2bec0af869a60f4a7393c87489
    name: beam-mysql
    version: 0.3.0.0
    git: https://github.com/juspay/beam-mysql
    pantry-tree:
      size: 542
      sha256: c10362057a0140ebfc3050a26256da6d157eb652aad127282071807d383a0b3c
    commit: 5d17599e02f30c220b679439ee0c1025e3086250
  original:
    git: https://github.com/juspay/beam-mysql
    commit: 5d17599e02f30c220b679439ee0c1025e3086250
- completed:
    subdir: beam-core
    cabal-file:
      size: 5144
      sha256: b4c3443aef0ae6284bf04963c909b56d7f9260d7b07b71dde819661f87a93918
    name: beam-core
    version: 0.9.0.0
    git: https://github.com/juspay/beam
    pantry-tree:
      size: 2623
      sha256: 365f420adf34642df7ffac56f80a578da48b3bebfac140748f3e163f83b4e37c
    commit: f6a35d5361e96c766ae977e9a07fa40c6622808e
  original:
    subdir: beam-core
    git: https://github.com/juspay/beam
    commit: f6a35d5361e96c766ae977e9a07fa40c6622808e
- completed:
    subdir: beam-migrate
    cabal-file:
      size: 4921
      sha256: 0d76aeac145a7dd73db6e1157c421d9ff4f58fbcd0cedcc6edeb91ee4b31e1c7
    name: beam-migrate
    version: 0.5.0.0
    git: https://github.com/juspay/beam
    pantry-tree:
      size: 1825
      sha256: 3ef904145e6e05e2f1cf6558e40f109f2751f08d2f8ce446f4e43ab70675936b
    commit: f6a35d5361e96c766ae977e9a07fa40c6622808e
  original:
    subdir: beam-migrate
    git: https://github.com/juspay/beam
    commit: f6a35d5361e96c766ae977e9a07fa40c6622808e
- completed:
    subdir: beam-sqlite
    cabal-file:
      size: 2792
      sha256: d65cc870d6920f662eae460f74f52e964d6c4be2e83fccc23ee649a231fd5fa8
    name: beam-sqlite
    version: 0.5.0.0
    git: https://github.com/juspay/beam
    pantry-tree:
      size: 859
      sha256: d28565e631ed326b35719b4f0b1825dbdda0daed39618bff3506b70f45b9d2e8
    commit: f6a35d5361e96c766ae977e9a07fa40c6622808e
  original:
    subdir: beam-sqlite
    git: https://github.com/juspay/beam
    commit: f6a35d5361e96c766ae977e9a07fa40c6622808e
- completed:
    subdir: beam-postgres
    cabal-file:
      size: 4177
      sha256: 5385f2fbb22671b621201ea0196c90b2ff0fa5715be9b247e50fd8bde0810e58
    name: beam-postgres
    version: 0.5.0.0
    git: https://github.com/juspay/beam
    pantry-tree:
      size: 2507
      sha256: 324e99224bacf35d65f138d68a21fdb6b5c2377b32517048ad9c4e43a75e0846
    commit: f6a35d5361e96c766ae977e9a07fa40c6622808e
  original:
    subdir: beam-postgres
    git: https://github.com/juspay/beam
    commit: f6a35d5361e96c766ae977e9a07fa40c6622808e
- completed:
    hackage: haskell-src-exts-1.21.1@sha256:11d18ec3f463185f81b7819376b532e3087f8192cffc629aac5c9eec88897b35,4541
    pantry-tree:
      size: 95170
      sha256: 487db8defe20a7c8bdf5b4a9a68ec616a4349bdb643f2dc7c9d71e1a6495c8c7
  original:
    hackage: haskell-src-exts-1.21.1@sha256:11d18ec3f463185f81b7819376b532e3087f8192cffc629aac5c9eec88897b35,4541
- completed:
    hackage: random-strings-0.1.1.0@sha256:935a7a23dab45411960df77636a29b44ce42b89eeb15f2b1e809d771491fa677,2517
    pantry-tree:
      size: 663
      sha256: 5a382966fdd8d5220b5791f3bff6db00d2ea29235e2716dadd52461b8a8beb97
  original:
    hackage: random-strings-0.1.1.0@sha256:935a7a23dab45411960df77636a29b44ce42b89eeb15f2b1e809d771491fa677,2517
- completed:
    hackage: servant-multipart-0.11.6@sha256:1863862e507dd6f672b4c9d2c6d87d4faec19686ced3d828d712ada07536cddb,2655
    pantry-tree:
      size: 386
      sha256: 3d45dc52822a30de2ee524358bf91ad77c041c4385ab75d636effa17e02e351e
  original:
    hackage: servant-multipart-0.11.6@sha256:1863862e507dd6f672b4c9d2c6d87d4faec19686ced3d828d712ada07536cddb,2655
- completed:
    hackage: sqlite-simple-0.4.18.0@sha256:3ceea56375c0a3590c814e411a4eb86943f8d31b93b110ca159c90689b6b39e5,3002
    pantry-tree:
      size: 1930
      sha256: e58b9955e483d51ee0966f8ba4384305d871480e2a38b32ee0fcd4573d74cf95
  original:
    hackage: sqlite-simple-0.4.18.0@sha256:3ceea56375c0a3590c814e411a4eb86943f8d31b93b110ca159c90689b6b39e5,3002
- completed:
    hackage: direct-sqlite-2.3.26@sha256:04e835402f1508abca383182023e4e2b9b86297b8533afbd4e57d1a5652e0c23,3718
    pantry-tree:
      size: 770
      sha256: 11874ab21e10c5b54cd1e02a037b677dc1e2ee9986f38c599612c56654dc01c3
  original:
    hackage: direct-sqlite-2.3.26@sha256:04e835402f1508abca383182023e4e2b9b86297b8533afbd4e57d1a5652e0c23,3718
- completed:
    hackage: dependent-map-0.4.0.0@sha256:ca2b131046f4340a1c35d138c5a003fe4a5be96b14efc26291ed35fd08c62221,1657
    pantry-tree:
      size: 551
      sha256: 5defa30010904d2ad05a036f3eaf83793506717c93cbeb599f40db1a3632cfc5
  original:
    hackage: dependent-map-0.4.0.0@sha256:ca2b131046f4340a1c35d138c5a003fe4a5be96b14efc26291ed35fd08c62221,1657
- completed:
    hackage: dependent-sum-0.7.1.0@sha256:5599aa89637db434431b1dd3fa7c34bc3d565ee44f0519bfbc877be1927c2531,2068
    pantry-tree:
      size: 290
      sha256: 9cbfb32b5a8a782b7a1c941803fd517633cb699159b851c1d82267a9e9391b50
  original:
    hackage: dependent-sum-0.7.1.0@sha256:5599aa89637db434431b1dd3fa7c34bc3d565ee44f0519bfbc877be1927c2531,2068
- completed:
    hackage: constraints-extras-0.3.0.2@sha256:bf6884be65958e9188ae3c9e5547abfd6d201df021bff8a4704c2c4fe1e1ae5b,1784
    pantry-tree:
      size: 594
      sha256: b0bcc96d375ee11b1972a2e9e8e42039b3f420b0e1c46e9c70652470445a6505
  original:
    hackage: constraints-extras-0.3.0.2@sha256:bf6884be65958e9188ae3c9e5547abfd6d201df021bff8a4704c2c4fe1e1ae5b,1784
snapshots:
- completed:
    size: 496112
    url: https://raw.githubusercontent.com/commercialhaskell/stackage-snapshots/master/lts/15/15.yaml
    sha256: 86169722ad0056ffc9eacc157ef80ee21d7024f92c0d2961c89ccf432db230a3
  original: lts-15.15
