# This file was autogenerated by Stack.
# You should not edit this file by hand.
# For more information, please see the documentation at:
#   https://docs.haskellstack.org/en/stable/lock_files

packages:
- completed:
    name: hedis
    version: 0.12.8
    git: https://github.com/juspay/hedis.git
    pantry-tree:
      size: 2571
      sha256: 26be8561de07049a22a771597e3b141f4e46664321e5c13ad234467bc64b9d20
    commit: ce6de8f158e87414cf11bcba4e95d54a9c3185f3
  original:
    git: https://github.com/juspay/hedis.git
    commit: ce6de8f158e87414cf11bcba4e95d54a9c3185f3
- completed:
    subdir: lib/euler-hs
<<<<<<< HEAD
    cabal-file:
      size: 8180
      sha256: d663bcc51e488f216141c71cbb26cb2e06c0653972b38557f52326bd30216e33
||||||| merged common ancestors
    cabal-file:
      size: 8122
      sha256: 4ef0f9f9d7ade6c636f0180a9ac596e8b7870f1bbf7b7ec550b7c5f03a61c365
=======
>>>>>>> Add FCM integration code
    name: euler-hs
    version: 1.9.5.0
    git: git@bitbucket.org:juspay/euler-hs.git
    pantry-tree:
      size: 5780
      sha256: 3c9c4429e1e7c70aaf0062d6405231b93f0cbc2aa396273f7b1ac9567535f756
    commit: a1347057def25cdf9db0c826f56d2135f8bb8be7
  original:
    subdir: lib/euler-hs
    git: git@bitbucket.org:juspay/euler-hs.git
    commit: a1347057def25cdf9db0c826f56d2135f8bb8be7
- completed:
    name: beam-mysql
    version: 0.2.0.0
    git: https://github.com/juspay/beam-mysql
    pantry-tree:
      size: 542
      sha256: 2ec8c8ac068ed54bd8dcff219e9c247b657ce1c51186922afe56ef4fb8b63f46
    commit: 3d03598b11be40929ee95984a83c3d9ed4be8536
  original:
    git: https://github.com/juspay/beam-mysql
    commit: 3d03598b11be40929ee95984a83c3d9ed4be8536
- completed:
    hackage: crc16-0.1.0@sha256:da3e4b82e437a054159ecc497372c997f784d77babcee641a5f657f6a0a8eb80,624
    pantry-tree:
      size: 257
      sha256: 2e913535bbaf1061779982787d54c7a8fa37f34ad680bb13aa76e0aa32040112
  original:
    hackage: crc16-0.1.0@sha256:da3e4b82e437a054159ecc497372c997f784d77babcee641a5f657f6a0a8eb80,624
- completed:
    hackage: directory-1.3.6.1@sha256:3dc9c69c8e09ec95a7a45c6d06abe0f0d2f604439c37e5f88e5a6c335b088d71,2810
    pantry-tree:
      size: 3433
      sha256: 9247d0e7cfbf9946b922d23bd56a6b765cdb91f71d72f8ae6ed22c94dbd9f1db
  original:
    hackage: directory-1.3.6.1@sha256:3dc9c69c8e09ec95a7a45c6d06abe0f0d2f604439c37e5f88e5a6c335b088d71,2810
- completed:
    hackage: process-1.6.9.0@sha256:0cafe6e1313790863bd81cf40563baf5feea9ca2957e79a4d92bacfcc455604a,2468
    pantry-tree:
      size: 1211
      sha256: e9a0a18f4c350f4170b20b38cf05cf3541999388b4438f1dc183e86e9472ae9d
  original:
    hackage: process-1.6.9.0@sha256:0cafe6e1313790863bd81cf40563baf5feea9ca2957e79a4d92bacfcc455604a,2468
- completed:
    hackage: random-strings-0.1.1.0@sha256:935a7a23dab45411960df77636a29b44ce42b89eeb15f2b1e809d771491fa677,2517
    pantry-tree:
      size: 663
      sha256: 5a382966fdd8d5220b5791f3bff6db00d2ea29235e2716dadd52461b8a8beb97
  original:
    hackage: random-strings-0.1.1.0@sha256:935a7a23dab45411960df77636a29b44ce42b89eeb15f2b1e809d771491fa677,2517
- completed:
    hackage: servant-purescript-0.10.0.0@sha256:0533143282b941d2416a08ee1fd3ff4b39383587f5e5fee71ccb4dd2a8a9369e,2289
    pantry-tree:
      size: 708
      sha256: e80be069dcd7edabac73a672c5e045a0c22f322c4d5f39344f93bdf3edc04bd8
  original:
    hackage: servant-purescript-0.10.0.0@sha256:0533143282b941d2416a08ee1fd3ff4b39383587f5e5fee71ccb4dd2a8a9369e,2289
- completed:
    hackage: servant-subscriber-0.7.0.0@sha256:e54a3ca6d52227025081bbc470a3af35efecbe0f82050d06aa5c9bbdf05795a6,2635
    pantry-tree:
      size: 859
      sha256: 8f0a4cf5c7c340c347c6b9117c809c9dbf7c15a4c94d80d1f07bd2e3f47308c9
  original:
    hackage: servant-subscriber-0.7.0.0@sha256:e54a3ca6d52227025081bbc470a3af35efecbe0f82050d06aa5c9bbdf05795a6,2635
- completed:
    hackage: time-1.9.3@sha256:8f1b5448722a12a952248b356c9eb366e351226543d9086a2da71270522d5f45,5679
    pantry-tree:
      size: 6558
      sha256: a1043c1719491764f0fa37a1fd70d9451080548a41632fee88d8e1b8db4942d6
  original:
<<<<<<< HEAD
    hackage: time-1.9.3@sha256:8f1b5448722a12a952248b356c9eb366e351226543d9086a2da71270522d5f45,5679
- completed:
    hackage: unix-2.7.2.2@sha256:9e93f93cc5a065248120136e83a0a6d1ce93d6eb5ef2a2543f9593e93e164d24,3496
    pantry-tree:
      size: 3536
      sha256: 0b54bf49636d2a8c06e28315710e4437e001e05b4523d6e3cb083ba2426a38b2
  original:
    hackage: unix-2.7.2.2@sha256:9e93f93cc5a065248120136e83a0a6d1ce93d6eb5ef2a2543f9593e93e164d24,3496
||||||| merged common ancestors
    hackage: random-strings-0.1.1.0@sha256:935a7a23dab45411960df77636a29b44ce42b89eeb15f2b1e809d771491fa677,2517
=======
    hackage: random-strings-0.1.1.0@sha256:935a7a23dab45411960df77636a29b44ce42b89eeb15f2b1e809d771491fa677,2517
- completed:
    hackage: fcm-client-0.2.0.0@sha256:6b67f0d23a09504f763ef547306b015b93af376e922583c7e3a4a7f494f85539,3206
    pantry-tree:
      size: 604
      sha256: 256a6516e98537e08c1884d7381cf2c4fe413cf4eb2c391649ec92ecae2d934c
  original:
    hackage: fcm-client-0.2.0.0@sha256:6b67f0d23a09504f763ef547306b015b93af376e922583c7e3a4a7f494f85539,3206
>>>>>>> Add FCM integration code
snapshots:
- completed:
    size: 524996
    url: https://raw.githubusercontent.com/commercialhaskell/stackage-snapshots/master/lts/14/27.yaml
    sha256: 7ea31a280c56bf36ff591a7397cc384d0dff622e7f9e4225b47d8980f019a0f0
  original: lts-14.27
